
Microsoft Visual Studio Solution File, Format Version 12.00
# Visual Studio Version 16
VisualStudioVersion = 16.0.31025.194
MinimumVisualStudioVersion = 10.0.40219.1
Project("{FAE04EC0-301F-11D3-BF4B-00C04F79EFBC}") = "InstagramTeste", "InstagramTeste\InstagramTeste.csproj", "{BD74C470-391C-49F7-8844-1CCFB26833C4}"
EndProject
Global
	GlobalSection(SolutionConfigurationPlatforms) = preSolution
		Debug|Any CPU = Debug|Any CPU
		Release|Any CPU = Release|Any CPU
	EndGlobalSection
	GlobalSection(ProjectConfigurationPlatforms) = postSolution
		{BD74C470-391C-49F7-8844-1CCFB26833C4}.Debug|Any CPU.ActiveCfg = Debug|Any CPU
		{BD74C470-391C-49F7-8844-1CCFB26833C4}.Debug|Any CPU.Build.0 = Debug|Any CPU
		{BD74C470-391C-49F7-8844-1CCFB26833C4}.Release|Any CPU.ActiveCfg = Release|Any CPU
		{BD74C470-391C-49F7-8844-1CCFB26833C4}.Release|Any CPU.Build.0 = Release|Any CPU
	EndGlobalSection
	GlobalSection(SolutionProperties) = preSolution
		HideSolutionNode = FALSE
	EndGlobalSection
	GlobalSection(ExtensibilityGlobals) = postSolution
		SolutionGuid = {E8A49D87-D2EF-4FEB-A743-2BD3EE6F740A}
	EndGlobalSection
EndGlobal
